<?xml version="1.0" encoding="utf-8"?>
<Project ToolsVersion="4.0" xmlns="http://schemas.microsoft.com/developer/msbuild/2003">
  <ItemGroup>
    <Filter Include="Resource Files">
      <UniqueIdentifier>{67DA6AB6-F800-4c08-8B7A-83BB121AAD01}</UniqueIdentifier>
      <Extensions>rc;ico;cur;bmp;dlg;rc2;rct;bin;rgs;gif;jpg;jpeg;jpe;resx;tiff;tif;png;wav;mfcribbon-ms</Extensions>
    </Filter>
    <Filter Include="Source Files">
      <UniqueIdentifier>{8687f415-4fbb-4a3d-86c5-73f4077b2f68}</UniqueIdentifier>
    </Filter>
    <Filter Include="Header Files">
      <UniqueIdentifier>{e4d5b141-5209-4a5e-bfb0-59b83ba66e56}</UniqueIdentifier>
    </Filter>
    <Filter Include="Header Files\UI">
      <UniqueIdentifier>{e0a88b25-cbc0-44c9-a3f3-2ee1e588b6d3}</UniqueIdentifier>
    </Filter>
    <Filter Include="Source Files\UI">
      <UniqueIdentifier>{4ddaa7df-7bdf-40a2-a9a6-0bc7484fcdec}</UniqueIdentifier>
    </Filter>
    <Filter Include="Header Files\Unit">
      <UniqueIdentifier>{6e2256ea-3615-4882-9a71-ecec6badbc2c}</UniqueIdentifier>
    </Filter>
    <Filter Include="Source Files\Unit">
      <UniqueIdentifier>{0f14f67f-c0c7-4f3c-aaba-01ed417f1737}</UniqueIdentifier>
    </Filter>
    <Filter Include="Header Files\Core">
      <UniqueIdentifier>{6834201c-0c98-428e-9a7b-66b07acf02f6}</UniqueIdentifier>
    </Filter>
    <Filter Include="Source Files\Core">
      <UniqueIdentifier>{5e067a1c-bf37-4a75-a7d3-f35f12ad6ad5}</UniqueIdentifier>
    </Filter>
    <Filter Include="Header Files\Spells">
      <UniqueIdentifier>{5729700f-9710-4cb7-9e62-294c82c022e6}</UniqueIdentifier>
    </Filter>
    <Filter Include="Source Files\Spells">
      <UniqueIdentifier>{35205e00-9817-485a-ab0e-71b4806212ee}</UniqueIdentifier>
    </Filter>
    <Filter Include="Source Files\Level">
      <UniqueIdentifier>{edec7f4f-38a1-49fe-a22b-611895c0b249}</UniqueIdentifier>
    </Filter>
    <Filter Include="Header Files\Level">
      <UniqueIdentifier>{33bf7d5b-bee3-4dad-91e1-d878a1602283}</UniqueIdentifier>
    </Filter>
  </ItemGroup>
  <ItemGroup>
    <ClCompile Include="UIButton.cpp">
      <Filter>Source Files\UI</Filter>
    </ClCompile>
    <ClCompile Include="UIElement.cpp">
      <Filter>Source Files\UI</Filter>
    </ClCompile>
    <ClCompile Include="UIIcon.cpp">
      <Filter>Source Files\UI</Filter>
    </ClCompile>
    <ClCompile Include="UIText.cpp">
      <Filter>Source Files\UI</Filter>
    </ClCompile>
    <ClCompile Include="Unit.cpp">
      <Filter>Source Files\Unit</Filter>
    </ClCompile>
    <ClCompile Include="Model.cpp">
      <Filter>Source Files\Core</Filter>
    </ClCompile>
    <ClCompile Include="View.cpp">
      <Filter>Source Files\Core</Filter>
    </ClCompile>
    <ClCompile Include="Scene.cpp">
      <Filter>Source Files\Core</Filter>
    </ClCompile>
    <ClCompile Include="Spell.cpp">
      <Filter>Source Files\Spells</Filter>
    </ClCompile>
    <ClCompile Include="MoveSet.cpp">
      <Filter>Source Files\Spells</Filter>
    </ClCompile>
    <ClCompile Include="LoadingScreen.cpp">
      <Filter>Source Files\UI</Filter>
    </ClCompile>
    <ClCompile Include="UnitSpawner.cpp">
      <Filter>Source Files\Unit</Filter>
    </ClCompile>
    <ClCompile Include="Tile.cpp">
      <Filter>Source Files\Level</Filter>
    </ClCompile>
    <ClCompile Include="TileMap.cpp">
      <Filter>Source Files\Level</Filter>
    </ClCompile>
    <ClCompile Include="Level.cpp">
      <Filter>Source Files\Level</Filter>
    </ClCompile>
    <ClCompile Include="Main.cpp">
      <Filter>Source Files\Core</Filter>
    </ClCompile>
    <ClCompile Include="Drawable.cpp">
      <Filter>Source Files\Core</Filter>
    </ClCompile>
    <ClCompile Include="StatusEffect.cpp">
      <Filter>Source Files\Spells</Filter>
    </ClCompile>
    <ClCompile Include="VisualEffectManager.cpp">
      <Filter>Source Files</Filter>
    </ClCompile>
  </ItemGroup>
  <ItemGroup>
    <ClInclude Include="Unit.h">
      <Filter>Source Files\Unit</Filter>
    </ClInclude>
    <ClInclude Include="UnitCompendium.h">
      <Filter>Source Files\Unit</Filter>
    </ClInclude>
    <ClInclude Include="UnitSpawner.h">
      <Filter>Source Files\Unit</Filter>
    </ClInclude>
    <ClInclude Include="CombatLog.h">
      <Filter>Source Files\UI</Filter>
    </ClInclude>
    <ClInclude Include="LoadingScreen.h">
      <Filter>Source Files\UI</Filter>
    </ClInclude>
    <ClInclude Include="UIButton.h">
      <Filter>Source Files\UI</Filter>
    </ClInclude>
    <ClInclude Include="UIElement.h">
      <Filter>Source Files\UI</Filter>
    </ClInclude>
    <ClInclude Include="UIIcon.h">
      <Filter>Source Files\UI</Filter>
    </ClInclude>
    <ClInclude Include="UIText.h">
      <Filter>Source Files\UI</Filter>
    </ClInclude>
    <ClInclude Include="MoveSet.h">
      <Filter>Source Files\Spells</Filter>
    </ClInclude>
    <ClInclude Include="Spell.h">
      <Filter>Source Files\Spells</Filter>
    </ClInclude>
    <ClInclude Include="SpellBook.h">
      <Filter>Source Files\Spells</Filter>
    </ClInclude>
    <ClInclude Include="StatusEffect.h">
      <Filter>Source Files\Spells</Filter>
    </ClInclude>
    <ClInclude Include="Level.h">
      <Filter>Source Files\Level</Filter>
    </ClInclude>
    <ClInclude Include="Tile.h">
      <Filter>Source Files\Level</Filter>
    </ClInclude>
    <ClInclude Include="TileMap.h">
      <Filter>Source Files\Level</Filter>
    </ClInclude>
    <ClInclude Include="Drawable.h">
      <Filter>Source Files\Core</Filter>
    </ClInclude>
    <ClInclude Include="Model.h">
      <Filter>Source Files\Core</Filter>
    </ClInclude>
    <ClInclude Include="View.h">
      <Filter>Source Files\Core</Filter>
    </ClInclude>
    <ClInclude Include="Scene.h">
      <Filter>Source Files\Core</Filter>
    </ClInclude>
    <ClInclude Include="VisualEffectManager.h">
      <Filter>Source Files</Filter>
    </ClInclude>
  </ItemGroup>
</Project>